
Microsoft Visual Studio Solution File, Format Version 12.00
# Visual Studio Version 17
VisualStudioVersion = 17.14.36623.8
MinimumVisualStudioVersion = 10.0.40219.1
Project("{FAE04EC0-301F-11D3-BF4B-00C04F79EFBC}") = "Tyuiu.KlochenokVA.Sprint6.Task0.V9.Lib", "Tyuiu.KlochenokVA.Sprint6.Task0.V9.Lib\Tyuiu.KlochenokVA.Sprint6.Task0.V9.Lib.csproj", "{F33C840C-3878-4D85-8CD3-B65CF34A7139}"
EndProject
Project("{FAE04EC0-301F-11D3-BF4B-00C04F79EFBC}") = "Tyuiu.KlochenokVA.Sprint6.Task0.V9.Test", "Tyuiu.KlochenokVA.Sprint6.Task0.V9.Test\Tyuiu.KlochenokVA.Sprint6.Task0.V9.Test.csproj", "{E64B69F8-1466-41C9-8AA5-C9EF30163358}"
EndProject
Project("{FAE04EC0-301F-11D3-BF4B-00C04F79EFBC}") = "Tyuiu.KlochenokVA.Sprint6.Task0.V9", "Tyuiu.KlochenokVA.Sprint6.Task0.V9\Tyuiu.KlochenokVA.Sprint6.Task0.V9.csproj", "{145C9715-B2B8-4DB8-B30A-931E534A008A}"
EndProject
Project("{2150E333-8FDC-42A3-9474-1A3956D46DE8}") = "Task0", "Task0", "{02EA681E-C7D8-13C7-8484-4AC65E1B71E8}"
EndProject
Project("{2150E333-8FDC-42A3-9474-1A3956D46DE8}") = "Task1", "Task1", "{3C039AD1-4221-4CC1-BA81-EDBA869996B7}"
EndProject
Project("{FAE04EC0-301F-11D3-BF4B-00C04F79EFBC}") = "Tyuiu.KlochenokVA.Sprint6.Task1.V21", "Tyuiu.KlochenokVA.Sprint6.Task1.V21\Tyuiu.KlochenokVA.Sprint6.Task1.V21.csproj", "{6FE6DB00-62A0-49AF-959A-5348349C1538}"
EndProject
Project("{FAE04EC0-301F-11D3-BF4B-00C04F79EFBC}") = "Tyuiu.KlochenokVA.Sprint6.Task1.V21.Lib", "Tyuiu.KlochenokVA.Sprint6.Task1.V21.Lib\Tyuiu.KlochenokVA.Sprint6.Task1.V21.Lib.csproj", "{0D314695-005D-4279-807C-2DD256B4F3DF}"
EndProject
Project("{FAE04EC0-301F-11D3-BF4B-00C04F79EFBC}") = "Tyuiu.KlochenokVA.Sprint6.Task1.V21.Test", "Tyuiu.KlochenokVA.Sprint6.Task1.V21.Test\Tyuiu.KlochenokVA.Sprint6.Task1.V21.Test.csproj", "{BDE78530-7EB7-44E9-A4F0-2D899D7589FA}"
EndProject
Project("{2150E333-8FDC-42A3-9474-1A3956D46DE8}") = "Task2", "Task2", "{E69B3A92-123D-453B-95F6-199F1AF1EC41}"
EndProject
Project("{FAE04EC0-301F-11D3-BF4B-00C04F79EFBC}") = "Tyuiu.KlochenokVA.Sprint6.Task2.V27", "Tyuiu.KlochenokVA.Sprint6.Task2.V27\Tyuiu.KlochenokVA.Sprint6.Task2.V27.csproj", "{06F5E91B-D98B-4106-BD41-2B54B7F326D9}"
EndProject
Project("{FAE04EC0-301F-11D3-BF4B-00C04F79EFBC}") = "Tyuiu.KlochenokVA.Sprint6.Task2.V27.Test", "Tyuiu.KlochenokVA.Sprint6.Task2.V27.Test\Tyuiu.KlochenokVA.Sprint6.Task2.V27.Test.csproj", "{6A62C408-C82B-46A3-AC7C-19CF66F82DAC}"
EndProject
Project("{FAE04EC0-301F-11D3-BF4B-00C04F79EFBC}") = "Tyuiu.KlochenokVA.Sprint6.Task2.V27.Lib", "Tyuiu.KlochenokVA.Sprint6.Task2.V27.Lib\Tyuiu.KlochenokVA.Sprint6.Task2.V27.Lib.csproj", "{BFF99605-59B1-4202-A62A-2725EB969D27}"
EndProject
Project("{2150E333-8FDC-42A3-9474-1A3956D46DE8}") = "Task3", "Task3", "{457F3F04-B731-4FCE-ACC1-1C8BB2D3FBAA}"
EndProject
Project("{FAE04EC0-301F-11D3-BF4B-00C04F79EFBC}") = "Tyuiu.KlochenokVA.Sprint6.Task3.V9", "Tyuiu.KlochenokVA.Sprint6.Task3.V9\Tyuiu.KlochenokVA.Sprint6.Task3.V9.csproj", "{B42C911A-84A0-41E3-8E91-7561CC50EB77}"
EndProject
Project("{FAE04EC0-301F-11D3-BF4B-00C04F79EFBC}") = "Tyuiu.KlochenokVA.Sprint6.Task3.V9.Lib", "Tyuiu.KlochenokVA.Sprint6.Task3.V9.Lib\Tyuiu.KlochenokVA.Sprint6.Task3.V9.Lib.csproj", "{80B87E81-BE06-4211-AE09-72D3A15796F6}"
EndProject
Project("{FAE04EC0-301F-11D3-BF4B-00C04F79EFBC}") = "Tyuiu.KlochenokVA.Sprint6.Task3.V9.Test", "Tyuiu.KlochenokVA.Sprint6.Task3.V9.Test\Tyuiu.KlochenokVA.Sprint6.Task3.V9.Test.csproj", "{E6027B3F-4E9D-4750-8238-4B99A9CB24FD}"
EndProject
Project("{2150E333-8FDC-42A3-9474-1A3956D46DE8}") = "Task4", "Task4", "{3126BC6F-2DF6-4B06-B81F-0298B82CA04F}"
EndProject
Project("{FAE04EC0-301F-11D3-BF4B-00C04F79EFBC}") = "Tyuiu.KlochenokVA.Sprint6.Task4.V29", "Tyuiu.KlochenokVA.Sprint6.Task4.V29\Tyuiu.KlochenokVA.Sprint6.Task4.V29.csproj", "{367372FC-28D1-4778-B693-4F5C0A920596}"
EndProject
Project("{FAE04EC0-301F-11D3-BF4B-00C04F79EFBC}") = "Tyuiu.KlochenokVA.Sprint6.Task4.V29.Test", "Tyuiu.KlochenokVA.Sprint6.Task4.V29.Test\Tyuiu.KlochenokVA.Sprint6.Task4.V29.Test.csproj", "{0C6F063D-8ED4-4FD6-A63B-B5EE37537EFE}"
EndProject
Project("{FAE04EC0-301F-11D3-BF4B-00C04F79EFBC}") = "Tyuiu.KlochenokVA.Sprint6.Task4.V29.Lib", "Tyuiu.KlochenokVA.Sprint6.Task4.V29.Lib\Tyuiu.KlochenokVA.Sprint6.Task4.V29.Lib.csproj", "{5EAC21E1-9D00-4BAC-BA29-300ED5BAD321}"
EndProject
Project("{2150E333-8FDC-42A3-9474-1A3956D46DE8}") = "Task5", "Task5", "{98072D36-AFBC-4D6C-9E94-BC3BE8AC7DC4}"
EndProject
Project("{FAE04EC0-301F-11D3-BF4B-00C04F79EFBC}") = "Tyuiu.KlochenokVA.Sprint6.Task5.V8", "Tyuiu.KlochenokVA.Sprint6.Task5.V8\Tyuiu.KlochenokVA.Sprint6.Task5.V8.csproj", "{9776FC47-5E0C-496B-87B8-2FA58DB4DB38}"
EndProject
Project("{FAE04EC0-301F-11D3-BF4B-00C04F79EFBC}") = "Tyuiu.KlochenokVA.Sprint6.Task5.V8.Lib", "Tyuiu.KlochenokVA.Sprint6.Task5.V8.Lib\Tyuiu.KlochenokVA.Sprint6.Task5.V8.Lib.csproj", "{BAF06446-4E82-42A7-9662-8FD5922B18DA}"
EndProject
Project("{FAE04EC0-301F-11D3-BF4B-00C04F79EFBC}") = "Tyuiu.KlochenokVA.Sprint6.Task5.V8.Test", "Tyuiu.KlochenokVA.Sprint6.Task5.V8.Test\Tyuiu.KlochenokVA.Sprint6.Task5.V8.Test.csproj", "{522AAFD0-36C4-4C53-BD25-08AF9784EE39}"
EndProject
Project("{2150E333-8FDC-42A3-9474-1A3956D46DE8}") = "Task6", "Task6", "{FCFF485B-E69C-4C33-A8AC-F56CA38AA648}"
EndProject
Project("{FAE04EC0-301F-11D3-BF4B-00C04F79EFBC}") = "Tyuiu.KlochenokVA.Sprint6.Task6.V8", "Tyuiu.KlochenokVA.Sprint6.Task6.V8\Tyuiu.KlochenokVA.Sprint6.Task6.V8.csproj", "{3FF50EED-9B91-413C-A1BC-CFB1ED55B32C}"
EndProject
Project("{FAE04EC0-301F-11D3-BF4B-00C04F79EFBC}") = "Tyuiu.KlochenokVA.Sprint6.Task6.V8.Test", "Tyuiu.KlochenokVA.Sprint6.Task6.V8.Test\Tyuiu.KlochenokVA.Sprint6.Task6.V8.Test.csproj", "{CCDB837A-8876-41D0-B691-F045788A3E63}"
EndProject
Project("{FAE04EC0-301F-11D3-BF4B-00C04F79EFBC}") = "Tyuiu.KlochenokVA.Sprint6.Task6.V8.Lib", "Tyuiu.KlochenokVA.Sprint6.Task6.V8.Lib\Tyuiu.KlochenokVA.Sprint6.Task6.V8.Lib.csproj", "{97B2DA8A-6A2B-4E08-81A9-E5740388DE9A}"
EndProject
Project("{2150E333-8FDC-42A3-9474-1A3956D46DE8}") = "Task7", "Task7", "{D2F84123-5D61-4C86-83AB-78D3D7EA6888}"
EndProject
Project("{FAE04EC0-301F-11D3-BF4B-00C04F79EFBC}") = "Tyuiu.KlochenokVA.Sprint6.Task7.V21", "Tyuiu.KlochenokVA.Sprint6.Task7.V21\Tyuiu.KlochenokVA.Sprint6.Task7.V21.csproj", "{F2110ACB-F109-4F8E-9505-CFE23313ED0F}"
EndProject
Project("{FAE04EC0-301F-11D3-BF4B-00C04F79EFBC}") = "Tyuiu.KlochenokVA.Sprint6.Task7.V21.Lib", "Tyuiu.KlochenokVA.Sprint6.Task7.V21.Lib\Tyuiu.KlochenokVA.Sprint6.Task7.V21.Lib.csproj", "{66A2B464-B744-41CC-A774-68CAB3556819}"
EndProject
Project("{FAE04EC0-301F-11D3-BF4B-00C04F79EFBC}") = "Tyuiu.KlochenokVA.Sprint6.Task7.V21.Test", "Tyuiu.KlochenokVA.Sprint6.Task7.V21.Test\Tyuiu.KlochenokVA.Sprint6.Task7.V21.Test.csproj", "{F2EA2FA4-FF58-4655-B3D0-52F9AE304D1B}"
EndProject
Global
	GlobalSection(SolutionConfigurationPlatforms) = preSolution
		Debug|Any CPU = Debug|Any CPU
		Release|Any CPU = Release|Any CPU
	EndGlobalSection
	GlobalSection(ProjectConfigurationPlatforms) = postSolution
		{F33C840C-3878-4D85-8CD3-B65CF34A7139}.Debug|Any CPU.ActiveCfg = Debug|Any CPU
		{F33C840C-3878-4D85-8CD3-B65CF34A7139}.Debug|Any CPU.Build.0 = Debug|Any CPU
		{F33C840C-3878-4D85-8CD3-B65CF34A7139}.Release|Any CPU.ActiveCfg = Release|Any CPU
		{F33C840C-3878-4D85-8CD3-B65CF34A7139}.Release|Any CPU.Build.0 = Release|Any CPU
		{E64B69F8-1466-41C9-8AA5-C9EF30163358}.Debug|Any CPU.ActiveCfg = Debug|Any CPU
		{E64B69F8-1466-41C9-8AA5-C9EF30163358}.Debug|Any CPU.Build.0 = Debug|Any CPU
		{E64B69F8-1466-41C9-8AA5-C9EF30163358}.Release|Any CPU.ActiveCfg = Release|Any CPU
		{E64B69F8-1466-41C9-8AA5-C9EF30163358}.Release|Any CPU.Build.0 = Release|Any CPU
		{145C9715-B2B8-4DB8-B30A-931E534A008A}.Debug|Any CPU.ActiveCfg = Debug|Any CPU
		{145C9715-B2B8-4DB8-B30A-931E534A008A}.Debug|Any CPU.Build.0 = Debug|Any CPU
		{145C9715-B2B8-4DB8-B30A-931E534A008A}.Release|Any CPU.ActiveCfg = Release|Any CPU
		{145C9715-B2B8-4DB8-B30A-931E534A008A}.Release|Any CPU.Build.0 = Release|Any CPU
		{6FE6DB00-62A0-49AF-959A-5348349C1538}.Debug|Any CPU.ActiveCfg = Debug|Any CPU
		{6FE6DB00-62A0-49AF-959A-5348349C1538}.Debug|Any CPU.Build.0 = Debug|Any CPU
		{6FE6DB00-62A0-49AF-959A-5348349C1538}.Release|Any CPU.ActiveCfg = Release|Any CPU
		{6FE6DB00-62A0-49AF-959A-5348349C1538}.Release|Any CPU.Build.0 = Release|Any CPU
		{0D314695-005D-4279-807C-2DD256B4F3DF}.Debug|Any CPU.ActiveCfg = Debug|Any CPU
		{0D314695-005D-4279-807C-2DD256B4F3DF}.Debug|Any CPU.Build.0 = Debug|Any CPU
		{0D314695-005D-4279-807C-2DD256B4F3DF}.Release|Any CPU.ActiveCfg = Release|Any CPU
		{0D314695-005D-4279-807C-2DD256B4F3DF}.Release|Any CPU.Build.0 = Release|Any CPU
		{BDE78530-7EB7-44E9-A4F0-2D899D7589FA}.Debug|Any CPU.ActiveCfg = Debug|Any CPU
		{BDE78530-7EB7-44E9-A4F0-2D899D7589FA}.Debug|Any CPU.Build.0 = Debug|Any CPU
		{BDE78530-7EB7-44E9-A4F0-2D899D7589FA}.Release|Any CPU.ActiveCfg = Release|Any CPU
		{BDE78530-7EB7-44E9-A4F0-2D899D7589FA}.Release|Any CPU.Build.0 = Release|Any CPU
		{06F5E91B-D98B-4106-BD41-2B54B7F326D9}.Debug|Any CPU.ActiveCfg = Debug|Any CPU
		{06F5E91B-D98B-4106-BD41-2B54B7F326D9}.Debug|Any CPU.Build.0 = Debug|Any CPU
		{06F5E91B-D98B-4106-BD41-2B54B7F326D9}.Release|Any CPU.ActiveCfg = Release|Any CPU
		{06F5E91B-D98B-4106-BD41-2B54B7F326D9}.Release|Any CPU.Build.0 = Release|Any CPU
		{6A62C408-C82B-46A3-AC7C-19CF66F82DAC}.Debug|Any CPU.ActiveCfg = Debug|Any CPU
		{6A62C408-C82B-46A3-AC7C-19CF66F82DAC}.Debug|Any CPU.Build.0 = Debug|Any CPU
		{6A62C408-C82B-46A3-AC7C-19CF66F82DAC}.Release|Any CPU.ActiveCfg = Release|Any CPU
		{6A62C408-C82B-46A3-AC7C-19CF66F82DAC}.Release|Any CPU.Build.0 = Release|Any CPU
		{BFF99605-59B1-4202-A62A-2725EB969D27}.Debug|Any CPU.ActiveCfg = Debug|Any CPU
		{BFF99605-59B1-4202-A62A-2725EB969D27}.Debug|Any CPU.Build.0 = Debug|Any CPU
		{BFF99605-59B1-4202-A62A-2725EB969D27}.Release|Any CPU.ActiveCfg = Release|Any CPU
		{BFF99605-59B1-4202-A62A-2725EB969D27}.Release|Any CPU.Build.0 = Release|Any CPU
		{B42C911A-84A0-41E3-8E91-7561CC50EB77}.Debug|Any CPU.ActiveCfg = Debug|Any CPU
		{B42C911A-84A0-41E3-8E91-7561CC50EB77}.Debug|Any CPU.Build.0 = Debug|Any CPU
		{B42C911A-84A0-41E3-8E91-7561CC50EB77}.Release|Any CPU.ActiveCfg = Release|Any CPU
		{B42C911A-84A0-41E3-8E91-7561CC50EB77}.Release|Any CPU.Build.0 = Release|Any CPU
		{80B87E81-BE06-4211-AE09-72D3A15796F6}.Debug|Any CPU.ActiveCfg = Debug|Any CPU
		{80B87E81-BE06-4211-AE09-72D3A15796F6}.Debug|Any CPU.Build.0 = Debug|Any CPU
		{80B87E81-BE06-4211-AE09-72D3A15796F6}.Release|Any CPU.ActiveCfg = Release|Any CPU
		{80B87E81-BE06-4211-AE09-72D3A15796F6}.Release|Any CPU.Build.0 = Release|Any CPU
		{E6027B3F-4E9D-4750-8238-4B99A9CB24FD}.Debug|Any CPU.ActiveCfg = Debug|Any CPU
		{E6027B3F-4E9D-4750-8238-4B99A9CB24FD}.Debug|Any CPU.Build.0 = Debug|Any CPU
		{E6027B3F-4E9D-4750-8238-4B99A9CB24FD}.Release|Any CPU.ActiveCfg = Release|Any CPU
		{E6027B3F-4E9D-4750-8238-4B99A9CB24FD}.Release|Any CPU.Build.0 = Release|Any CPU
		{367372FC-28D1-4778-B693-4F5C0A920596}.Debug|Any CPU.ActiveCfg = Debug|Any CPU
		{367372FC-28D1-4778-B693-4F5C0A920596}.Debug|Any CPU.Build.0 = Debug|Any CPU
		{367372FC-28D1-4778-B693-4F5C0A920596}.Release|Any CPU.ActiveCfg = Release|Any CPU
		{367372FC-28D1-4778-B693-4F5C0A920596}.Release|Any CPU.Build.0 = Release|Any CPU
		{0C6F063D-8ED4-4FD6-A63B-B5EE37537EFE}.Debug|Any CPU.ActiveCfg = Debug|Any CPU
		{0C6F063D-8ED4-4FD6-A63B-B5EE37537EFE}.Debug|Any CPU.Build.0 = Debug|Any CPU
		{0C6F063D-8ED4-4FD6-A63B-B5EE37537EFE}.Release|Any CPU.ActiveCfg = Release|Any CPU
		{0C6F063D-8ED4-4FD6-A63B-B5EE37537EFE}.Release|Any CPU.Build.0 = Release|Any CPU
		{5EAC21E1-9D00-4BAC-BA29-300ED5BAD321}.Debug|Any CPU.ActiveCfg = Debug|Any CPU
		{5EAC21E1-9D00-4BAC-BA29-300ED5BAD321}.Debug|Any CPU.Build.0 = Debug|Any CPU
		{5EAC21E1-9D00-4BAC-BA29-300ED5BAD321}.Release|Any CPU.ActiveCfg = Release|Any CPU
		{5EAC21E1-9D00-4BAC-BA29-300ED5BAD321}.Release|Any CPU.Build.0 = Release|Any CPU
		{9776FC47-5E0C-496B-87B8-2FA58DB4DB38}.Debug|Any CPU.ActiveCfg = Debug|Any CPU
		{9776FC47-5E0C-496B-87B8-2FA58DB4DB38}.Debug|Any CPU.Build.0 = Debug|Any CPU
		{9776FC47-5E0C-496B-87B8-2FA58DB4DB38}.Release|Any CPU.ActiveCfg = Release|Any CPU
		{9776FC47-5E0C-496B-87B8-2FA58DB4DB38}.Release|Any CPU.Build.0 = Release|Any CPU
		{BAF06446-4E82-42A7-9662-8FD5922B18DA}.Debug|Any CPU.ActiveCfg = Debug|Any CPU
		{BAF06446-4E82-42A7-9662-8FD5922B18DA}.Debug|Any CPU.Build.0 = Debug|Any CPU
		{BAF06446-4E82-42A7-9662-8FD5922B18DA}.Release|Any CPU.ActiveCfg = Release|Any CPU
		{BAF06446-4E82-42A7-9662-8FD5922B18DA}.Release|Any CPU.Build.0 = Release|Any CPU
		{522AAFD0-36C4-4C53-BD25-08AF9784EE39}.Debug|Any CPU.ActiveCfg = Debug|Any CPU
		{522AAFD0-36C4-4C53-BD25-08AF9784EE39}.Debug|Any CPU.Build.0 = Debug|Any CPU
		{522AAFD0-36C4-4C53-BD25-08AF9784EE39}.Release|Any CPU.ActiveCfg = Release|Any CPU
		{522AAFD0-36C4-4C53-BD25-08AF9784EE39}.Release|Any CPU.Build.0 = Release|Any CPU
		{3FF50EED-9B91-413C-A1BC-CFB1ED55B32C}.Debug|Any CPU.ActiveCfg = Debug|Any CPU
		{3FF50EED-9B91-413C-A1BC-CFB1ED55B32C}.Debug|Any CPU.Build.0 = Debug|Any CPU
		{3FF50EED-9B91-413C-A1BC-CFB1ED55B32C}.Release|Any CPU.ActiveCfg = Release|Any CPU
		{3FF50EED-9B91-413C-A1BC-CFB1ED55B32C}.Release|Any CPU.Build.0 = Release|Any CPU
		{CCDB837A-8876-41D0-B691-F045788A3E63}.Debug|Any CPU.ActiveCfg = Debug|Any CPU
		{CCDB837A-8876-41D0-B691-F045788A3E63}.Debug|Any CPU.Build.0 = Debug|Any CPU
		{CCDB837A-8876-41D0-B691-F045788A3E63}.Release|Any CPU.ActiveCfg = Release|Any CPU
		{CCDB837A-8876-41D0-B691-F045788A3E63}.Release|Any CPU.Build.0 = Release|Any CPU
		{97B2DA8A-6A2B-4E08-81A9-E5740388DE9A}.Debug|Any CPU.ActiveCfg = Debug|Any CPU
		{97B2DA8A-6A2B-4E08-81A9-E5740388DE9A}.Debug|Any CPU.Build.0 = Debug|Any CPU
		{97B2DA8A-6A2B-4E08-81A9-E5740388DE9A}.Release|Any CPU.ActiveCfg = Release|Any CPU
		{97B2DA8A-6A2B-4E08-81A9-E5740388DE9A}.Release|Any CPU.Build.0 = Release|Any CPU
		{F2110ACB-F109-4F8E-9505-CFE23313ED0F}.Debug|Any CPU.ActiveCfg = Debug|Any CPU
		{F2110ACB-F109-4F8E-9505-CFE23313ED0F}.Debug|Any CPU.Build.0 = Debug|Any CPU
		{F2110ACB-F109-4F8E-9505-CFE23313ED0F}.Release|Any CPU.ActiveCfg = Release|Any CPU
		{F2110ACB-F109-4F8E-9505-CFE23313ED0F}.Release|Any CPU.Build.0 = Release|Any CPU
		{66A2B464-B744-41CC-A774-68CAB3556819}.Debug|Any CPU.ActiveCfg = Debug|Any CPU
		{66A2B464-B744-41CC-A774-68CAB3556819}.Debug|Any CPU.Build.0 = Debug|Any CPU
		{66A2B464-B744-41CC-A774-68CAB3556819}.Release|Any CPU.ActiveCfg = Release|Any CPU
		{66A2B464-B744-41CC-A774-68CAB3556819}.Release|Any CPU.Build.0 = Release|Any CPU
		{F2EA2FA4-FF58-4655-B3D0-52F9AE304D1B}.Debug|Any CPU.ActiveCfg = Debug|Any CPU
		{F2EA2FA4-FF58-4655-B3D0-52F9AE304D1B}.Debug|Any CPU.Build.0 = Debug|Any CPU
		{F2EA2FA4-FF58-4655-B3D0-52F9AE304D1B}.Release|Any CPU.ActiveCfg = Release|Any CPU
		{F2EA2FA4-FF58-4655-B3D0-52F9AE304D1B}.Release|Any CPU.Build.0 = Release|Any CPU
	EndGlobalSection
	GlobalSection(SolutionProperties) = preSolution
		HideSolutionNode = FALSE
	EndGlobalSection
	GlobalSection(NestedProjects) = preSolution
		{F33C840C-3878-4D85-8CD3-B65CF34A7139} = {02EA681E-C7D8-13C7-8484-4AC65E1B71E8}
		{E64B69F8-1466-41C9-8AA5-C9EF30163358} = {02EA681E-C7D8-13C7-8484-4AC65E1B71E8}
		{145C9715-B2B8-4DB8-B30A-931E534A008A} = {02EA681E-C7D8-13C7-8484-4AC65E1B71E8}
		{6FE6DB00-62A0-49AF-959A-5348349C1538} = {3C039AD1-4221-4CC1-BA81-EDBA869996B7}
		{0D314695-005D-4279-807C-2DD256B4F3DF} = {3C039AD1-4221-4CC1-BA81-EDBA869996B7}
		{BDE78530-7EB7-44E9-A4F0-2D899D7589FA} = {3C039AD1-4221-4CC1-BA81-EDBA869996B7}
		{06F5E91B-D98B-4106-BD41-2B54B7F326D9} = {E69B3A92-123D-453B-95F6-199F1AF1EC41}
		{6A62C408-C82B-46A3-AC7C-19CF66F82DAC} = {E69B3A92-123D-453B-95F6-199F1AF1EC41}
		{BFF99605-59B1-4202-A62A-2725EB969D27} = {E69B3A92-123D-453B-95F6-199F1AF1EC41}
		{B42C911A-84A0-41E3-8E91-7561CC50EB77} = {457F3F04-B731-4FCE-ACC1-1C8BB2D3FBAA}
		{80B87E81-BE06-4211-AE09-72D3A15796F6} = {457F3F04-B731-4FCE-ACC1-1C8BB2D3FBAA}
		{E6027B3F-4E9D-4750-8238-4B99A9CB24FD} = {457F3F04-B731-4FCE-ACC1-1C8BB2D3FBAA}
		{367372FC-28D1-4778-B693-4F5C0A920596} = {3126BC6F-2DF6-4B06-B81F-0298B82CA04F}
		{0C6F063D-8ED4-4FD6-A63B-B5EE37537EFE} = {3126BC6F-2DF6-4B06-B81F-0298B82CA04F}
		{5EAC21E1-9D00-4BAC-BA29-300ED5BAD321} = {3126BC6F-2DF6-4B06-B81F-0298B82CA04F}
		{9776FC47-5E0C-496B-87B8-2FA58DB4DB38} = {98072D36-AFBC-4D6C-9E94-BC3BE8AC7DC4}
		{BAF06446-4E82-42A7-9662-8FD5922B18DA} = {98072D36-AFBC-4D6C-9E94-BC3BE8AC7DC4}
		{522AAFD0-36C4-4C53-BD25-08AF9784EE39} = {98072D36-AFBC-4D6C-9E94-BC3BE8AC7DC4}
		{3FF50EED-9B91-413C-A1BC-CFB1ED55B32C} = {FCFF485B-E69C-4C33-A8AC-F56CA38AA648}
		{CCDB837A-8876-41D0-B691-F045788A3E63} = {FCFF485B-E69C-4C33-A8AC-F56CA38AA648}
		{97B2DA8A-6A2B-4E08-81A9-E5740388DE9A} = {FCFF485B-E69C-4C33-A8AC-F56CA38AA648}
		{F2110ACB-F109-4F8E-9505-CFE23313ED0F} = {D2F84123-5D61-4C86-83AB-78D3D7EA6888}
		{66A2B464-B744-41CC-A774-68CAB3556819} = {D2F84123-5D61-4C86-83AB-78D3D7EA6888}
		{F2EA2FA4-FF58-4655-B3D0-52F9AE304D1B} = {D2F84123-5D61-4C86-83AB-78D3D7EA6888}
	EndGlobalSection
	GlobalSection(ExtensibilityGlobals) = postSolution
		SolutionGuid = {D2F5BBFC-FA47-437B-8623-664142EE0901}
	EndGlobalSection
EndGlobal
